
Microsoft Visual Studio Solution File, Format Version 12.00
# Visual Studio Version 16
VisualStudioVersion = 16.0.31729.503
MinimumVisualStudioVersion = 10.0.40219.1
Project("{FAE04EC0-301F-11D3-BF4B-00C04F79EFBC}") = "Sorting Algorithms", "Sorting Algorithms\Sorting Algorithms.csproj", "{90713BEB-1EC9-4352-A2DE-A89BFEE42E12}"
EndProject
Global
	GlobalSection(SolutionConfigurationPlatforms) = preSolution
		Debug|Any CPU = Debug|Any CPU
		Release|Any CPU = Release|Any CPU
	EndGlobalSection
	GlobalSection(ProjectConfigurationPlatforms) = postSolution
		{90713BEB-1EC9-4352-A2DE-A89BFEE42E12}.Debug|Any CPU.ActiveCfg = Debug|Any CPU
		{90713BEB-1EC9-4352-A2DE-A89BFEE42E12}.Debug|Any CPU.Build.0 = Debug|Any CPU
		{90713BEB-1EC9-4352-A2DE-A89BFEE42E12}.Release|Any CPU.ActiveCfg = Release|Any CPU
		{90713BEB-1EC9-4352-A2DE-A89BFEE42E12}.Release|Any CPU.Build.0 = Release|Any CPU
	EndGlobalSection
	GlobalSection(SolutionProperties) = preSolution
		HideSolutionNode = FALSE
	EndGlobalSection
	GlobalSection(ExtensibilityGlobals) = postSolution
		SolutionGuid = {76B0FB18-D0D2-44A6-B1F3-30AD4C81F57A}
	EndGlobalSection
EndGlobal
